// !$*UTF8*$!
{
	archiveVersion = 1;
	classes = {
	};
	objectVersion = 46;
	objects = {

/* Begin PBXBuildFile section */
		3D6184CA1F04E7F60076CC05 /* main.m in Sources */ = {isa = PBXBuildFile; fileRef = 3D6184C91F04E7F60076CC05 /* main.m */; };
		3D6184CD1F04E7F60076CC05 /* AppDelegate.m in Sources */ = {isa = PBXBuildFile; fileRef = 3D6184CC1F04E7F60076CC05 /* AppDelegate.m */; };
		3D6184D31F04E7F60076CC05 /* Main.storyboard in Resources */ = {isa = PBXBuildFile; fileRef = 3D6184D11F04E7F60076CC05 /* Main.storyboard */; };
		3D6184D51F04E7F60076CC05 /* Assets.xcassets in Resources */ = {isa = PBXBuildFile; fileRef = 3D6184D41F04E7F60076CC05 /* Assets.xcassets */; };
		3D6184D81F04E7F60076CC05 /* LaunchScreen.storyboard in Resources */ = {isa = PBXBuildFile; fileRef = 3D6184D61F04E7F60076CC05 /* LaunchScreen.storyboard */; };
		3D6184E31F04E7F60076CC05 /* NMSimpleiOSAppTests.m in Sources */ = {isa = PBXBuildFile; fileRef = 3D6184E21F04E7F60076CC05 /* NMSimpleiOSAppTests.m */; };
		3D6184EE1F04E7F60076CC05 /* NMSimpleiOSAppUITests.m in Sources */ = {isa = PBXBuildFile; fileRef = 3D6184ED1F04E7F60076CC05 /* NMSimpleiOSAppUITests.m */; };
		3D6184FD1F04E9D30076CC05 /* APPConfigController.m in Sources */ = {isa = PBXBuildFile; fileRef = 3D6184FC1F04E9D30076CC05 /* APPConfigController.m */; };
		3D6185011F04EA740076CC05 /* YYFPSLabel.m in Sources */ = {isa = PBXBuildFile; fileRef = 3D6185001F04EA740076CC05 /* YYFPSLabel.m */; };
		3D61854B1F04EDC50076CC05 /* IndexViewController.m in Sources */ = {isa = PBXBuildFile; fileRef = 3D6185491F04EDC50076CC05 /* IndexViewController.m */; };
		3D61854C1F04EDC50076CC05 /* IndexViewController.xib in Resources */ = {isa = PBXBuildFile; fileRef = 3D61854A1F04EDC50076CC05 /* IndexViewController.xib */; };
		3D6185501F04EDD20076CC05 /* MineViewController.m in Sources */ = {isa = PBXBuildFile; fileRef = 3D61854E1F04EDD20076CC05 /* MineViewController.m */; };
		3D6185511F04EDD20076CC05 /* MineViewController.xib in Resources */ = {isa = PBXBuildFile; fileRef = 3D61854F1F04EDD20076CC05 /* MineViewController.xib */; };
		3D6185551F04EDE00076CC05 /* OtherViewController.m in Sources */ = {isa = PBXBuildFile; fileRef = 3D6185531F04EDE00076CC05 /* OtherViewController.m */; };
		3D6185561F04EDE00076CC05 /* OtherViewController.xib in Resources */ = {isa = PBXBuildFile; fileRef = 3D6185541F04EDE00076CC05 /* OtherViewController.xib */; };
		AB07082BAC763145A18C6348 /* libPods-NMSimpleiOSApp.a in Frameworks */ = {isa = PBXBuildFile; fileRef = 951E171EC2E895FC38B77557 /* libPods-NMSimpleiOSApp.a */; };
/* End PBXBuildFile section */

/* Begin PBXContainerItemProxy section */
		3D6184DF1F04E7F60076CC05 /* PBXContainerItemProxy */ = {
			isa = PBXContainerItemProxy;
			containerPortal = 3D6184BD1F04E7F60076CC05 /* Project object */;
			proxyType = 1;
			remoteGlobalIDString = 3D6184C41F04E7F60076CC05;
			remoteInfo = NMSimpleiOSApp;
		};
		3D6184EA1F04E7F60076CC05 /* PBXContainerItemProxy */ = {
			isa = PBXContainerItemProxy;
			containerPortal = 3D6184BD1F04E7F60076CC05 /* Project object */;
			proxyType = 1;
			remoteGlobalIDString = 3D6184C41F04E7F60076CC05;
			remoteInfo = NMSimpleiOSApp;
		};
/* End PBXContainerItemProxy section */

/* Begin PBXFileReference section */
		230355E2957F6BF7746871CD /* Pods-NMSimpleiOSApp.debug.xcconfig */ = {isa = PBXFileReference; includeInIndex = 1; lastKnownFileType = text.xcconfig; name = "Pods-NMSimpleiOSApp.debug.xcconfig"; path = "Pods/Target Support Files/Pods-NMSimpleiOSApp/Pods-NMSimpleiOSApp.debug.xcconfig"; sourceTree = "<group>"; };
		3D6184C51F04E7F60076CC05 /* NMSimpleiOSApp.app */ = {isa = PBXFileReference; explicitFileType = wrapper.application; includeInIndex = 0; path = NMSimpleiOSApp.app; sourceTree = BUILT_PRODUCTS_DIR; };
		3D6184C91F04E7F60076CC05 /* main.m */ = {isa = PBXFileReference; lastKnownFileType = sourcecode.c.objc; path = main.m; sourceTree = "<group>"; };
		3D6184CB1F04E7F60076CC05 /* AppDelegate.h */ = {isa = PBXFileReference; lastKnownFileType = sourcecode.c.h; path = AppDelegate.h; sourceTree = "<group>"; };
		3D6184CC1F04E7F60076CC05 /* AppDelegate.m */ = {isa = PBXFileReference; lastKnownFileType = sourcecode.c.objc; path = AppDelegate.m; sourceTree = "<group>"; };
		3D6184D21F04E7F60076CC05 /* Base */ = {isa = PBXFileReference; lastKnownFileType = file.storyboard; name = Base; path = Base.lproj/Main.storyboard; sourceTree = "<group>"; };
		3D6184D41F04E7F60076CC05 /* Assets.xcassets */ = {isa = PBXFileReference; lastKnownFileType = folder.assetcatalog; path = Assets.xcassets; sourceTree = "<group>"; };
		3D6184D71F04E7F60076CC05 /* Base */ = {isa = PBXFileReference; lastKnownFileType = file.storyboard; name = Base; path = Base.lproj/LaunchScreen.storyboard; sourceTree = "<group>"; };
		3D6184D91F04E7F60076CC05 /* Info.plist */ = {isa = PBXFileReference; lastKnownFileType = text.plist.xml; path = Info.plist; sourceTree = "<group>"; };
		3D6184DE1F04E7F60076CC05 /* NMSimpleiOSAppTests.xctest */ = {isa = PBXFileReference; explicitFileType = wrapper.cfbundle; includeInIndex = 0; path = NMSimpleiOSAppTests.xctest; sourceTree = BUILT_PRODUCTS_DIR; };
		3D6184E21F04E7F60076CC05 /* NMSimpleiOSAppTests.m */ = {isa = PBXFileReference; lastKnownFileType = sourcecode.c.objc; path = NMSimpleiOSAppTests.m; sourceTree = "<group>"; };
		3D6184E41F04E7F60076CC05 /* Info.plist */ = {isa = PBXFileReference; lastKnownFileType = text.plist.xml; path = Info.plist; sourceTree = "<group>"; };
		3D6184E91F04E7F60076CC05 /* NMSimpleiOSAppUITests.xctest */ = {isa = PBXFileReference; explicitFileType = wrapper.cfbundle; includeInIndex = 0; path = NMSimpleiOSAppUITests.xctest; sourceTree = BUILT_PRODUCTS_DIR; };
		3D6184ED1F04E7F60076CC05 /* NMSimpleiOSAppUITests.m */ = {isa = PBXFileReference; lastKnownFileType = sourcecode.c.objc; path = NMSimpleiOSAppUITests.m; sourceTree = "<group>"; };
		3D6184EF1F04E7F60076CC05 /* Info.plist */ = {isa = PBXFileReference; lastKnownFileType = text.plist.xml; path = Info.plist; sourceTree = "<group>"; };
		3D6184FB1F04E9D30076CC05 /* APPConfigController.h */ = {isa = PBXFileReference; fileEncoding = 4; lastKnownFileType = sourcecode.c.h; path = APPConfigController.h; sourceTree = "<group>"; };
		3D6184FC1F04E9D30076CC05 /* APPConfigController.m */ = {isa = PBXFileReference; fileEncoding = 4; lastKnownFileType = sourcecode.c.objc; path = APPConfigController.m; sourceTree = "<group>"; };
		3D6184FF1F04EA740076CC05 /* YYFPSLabel.h */ = {isa = PBXFileReference; fileEncoding = 4; lastKnownFileType = sourcecode.c.h; path = YYFPSLabel.h; sourceTree = "<group>"; };
		3D6185001F04EA740076CC05 /* YYFPSLabel.m */ = {isa = PBXFileReference; fileEncoding = 4; lastKnownFileType = sourcecode.c.objc; path = YYFPSLabel.m; sourceTree = "<group>"; };
		3D61851D1F04EACD0076CC05 /* SimpleAppConfig.h */ = {isa = PBXFileReference; fileEncoding = 4; lastKnownFileType = sourcecode.c.h; path = SimpleAppConfig.h; sourceTree = "<group>"; };
		3D61853A1F04EB500076CC05 /* SimpleiOSApp-Prefix.pch */ = {isa = PBXFileReference; fileEncoding = 4; lastKnownFileType = sourcecode.c.h; path = "SimpleiOSApp-Prefix.pch"; sourceTree = "<group>"; };
		3D6185481F04EDC50076CC05 /* IndexViewController.h */ = {isa = PBXFileReference; fileEncoding = 4; lastKnownFileType = sourcecode.c.h; path = IndexViewController.h; sourceTree = "<group>"; };
		3D6185491F04EDC50076CC05 /* IndexViewController.m */ = {isa = PBXFileReference; fileEncoding = 4; lastKnownFileType = sourcecode.c.objc; path = IndexViewController.m; sourceTree = "<group>"; };
		3D61854A1F04EDC50076CC05 /* IndexViewController.xib */ = {isa = PBXFileReference; fileEncoding = 4; lastKnownFileType = file.xib; path = IndexViewController.xib; sourceTree = "<group>"; };
		3D61854D1F04EDD20076CC05 /* MineViewController.h */ = {isa = PBXFileReference; fileEncoding = 4; lastKnownFileType = sourcecode.c.h; path = MineViewController.h; sourceTree = "<group>"; };
		3D61854E1F04EDD20076CC05 /* MineViewController.m */ = {isa = PBXFileReference; fileEncoding = 4; lastKnownFileType = sourcecode.c.objc; path = MineViewController.m; sourceTree = "<group>"; };
		3D61854F1F04EDD20076CC05 /* MineViewController.xib */ = {isa = PBXFileReference; fileEncoding = 4; lastKnownFileType = file.xib; path = MineViewController.xib; sourceTree = "<group>"; };
		3D6185521F04EDE00076CC05 /* OtherViewController.h */ = {isa = PBXFileReference; fileEncoding = 4; lastKnownFileType = sourcecode.c.h; path = OtherViewController.h; sourceTree = "<group>"; };
		3D6185531F04EDE00076CC05 /* OtherViewController.m */ = {isa = PBXFileReference; fileEncoding = 4; lastKnownFileType = sourcecode.c.objc; path = OtherViewController.m; sourceTree = "<group>"; };
		3D6185541F04EDE00076CC05 /* OtherViewController.xib */ = {isa = PBXFileReference; fileEncoding = 4; lastKnownFileType = file.xib; path = OtherViewController.xib; sourceTree = "<group>"; };
		951E171EC2E895FC38B77557 /* libPods-NMSimpleiOSApp.a */ = {isa = PBXFileReference; explicitFileType = archive.ar; includeInIndex = 0; path = "libPods-NMSimpleiOSApp.a"; sourceTree = BUILT_PRODUCTS_DIR; };
		A3CD9564910ABEBDB6CE3C88 /* Pods-NMSimpleiOSApp.release.xcconfig */ = {isa = PBXFileReference; includeInIndex = 1; lastKnownFileType = text.xcconfig; name = "Pods-NMSimpleiOSApp.release.xcconfig"; path = "Pods/Target Support Files/Pods-NMSimpleiOSApp/Pods-NMSimpleiOSApp.release.xcconfig"; sourceTree = "<group>"; };
/* End PBXFileReference section */

/* Begin PBXFrameworksBuildPhase section */
		3D6184C21F04E7F60076CC05 /* Frameworks */ = {
			isa = PBXFrameworksBuildPhase;
			buildActionMask = 2147483647;
			files = (
				AB07082BAC763145A18C6348 /* libPods-NMSimpleiOSApp.a in Frameworks */,
			);
			runOnlyForDeploymentPostprocessing = 0;
		};
		3D6184DB1F04E7F60076CC05 /* Frameworks */ = {
			isa = PBXFrameworksBuildPhase;
			buildActionMask = 2147483647;
			files = (
			);
			runOnlyForDeploymentPostprocessing = 0;
		};
		3D6184E61F04E7F60076CC05 /* Frameworks */ = {
			isa = PBXFrameworksBuildPhase;
			buildActionMask = 2147483647;
			files = (
			);
			runOnlyForDeploymentPostprocessing = 0;
		};
/* End PBXFrameworksBuildPhase section */

/* Begin PBXGroup section */
		0661BD9A02410AD89EB9FF14 /* Pods */ = {
			isa = PBXGroup;
			children = (
				230355E2957F6BF7746871CD /* Pods-NMSimpleiOSApp.debug.xcconfig */,
				A3CD9564910ABEBDB6CE3C88 /* Pods-NMSimpleiOSApp.release.xcconfig */,
			);
			name = Pods;
			sourceTree = "<group>";
		};
		1EBC5B6767E19BEC9FBB0822 /* Frameworks */ = {
			isa = PBXGroup;
			children = (
				951E171EC2E895FC38B77557 /* libPods-NMSimpleiOSApp.a */,
			);
			name = Frameworks;
			sourceTree = "<group>";
		};
		3D6184BC1F04E7F60076CC05 = {
			isa = PBXGroup;
			children = (
				3D6184C71F04E7F60076CC05 /* NMSimpleiOSApp */,
				3D6184E11F04E7F60076CC05 /* NMSimpleiOSAppTests */,
				3D6184EC1F04E7F60076CC05 /* NMSimpleiOSAppUITests */,
				3D6184C61F04E7F60076CC05 /* Products */,
				0661BD9A02410AD89EB9FF14 /* Pods */,
				1EBC5B6767E19BEC9FBB0822 /* Frameworks */,
			);
			sourceTree = "<group>";
		};
		3D6184C61F04E7F60076CC05 /* Products */ = {
			isa = PBXGroup;
			children = (
				3D6184C51F04E7F60076CC05 /* NMSimpleiOSApp.app */,
				3D6184DE1F04E7F60076CC05 /* NMSimpleiOSAppTests.xctest */,
				3D6184E91F04E7F60076CC05 /* NMSimpleiOSAppUITests.xctest */,
			);
			name = Products;
			sourceTree = "<group>";
		};
		3D6184C71F04E7F60076CC05 /* NMSimpleiOSApp */ = {
			isa = PBXGroup;
			children = (
				3D6184FE1F04EA740076CC05 /* Tools */,
				3D61853B1F04EDB10076CC05 /* ViewController */,
				3D6184CB1F04E7F60076CC05 /* AppDelegate.h */,
				3D6184CC1F04E7F60076CC05 /* AppDelegate.m */,
				3D6184FB1F04E9D30076CC05 /* APPConfigController.h */,
				3D6184FC1F04E9D30076CC05 /* APPConfigController.m */,
				3D61851D1F04EACD0076CC05 /* SimpleAppConfig.h */,
				3D6184D11F04E7F60076CC05 /* Main.storyboard */,
				3D6184D41F04E7F60076CC05 /* Assets.xcassets */,
				3D6184D61F04E7F60076CC05 /* LaunchScreen.storyboard */,
				3D6184D91F04E7F60076CC05 /* Info.plist */,
				3D6184C81F04E7F60076CC05 /* Supporting Files */,
			);
			path = NMSimpleiOSApp;
			sourceTree = "<group>";
		};
		3D6184C81F04E7F60076CC05 /* Supporting Files */ = {
			isa = PBXGroup;
			children = (
				3D61853A1F04EB500076CC05 /* SimpleiOSApp-Prefix.pch */,
				3D6184C91F04E7F60076CC05 /* main.m */,
			);
			name = "Supporting Files";
			sourceTree = "<group>";
		};
		3D6184E11F04E7F60076CC05 /* NMSimpleiOSAppTests */ = {
			isa = PBXGroup;
			children = (
				3D6184E21F04E7F60076CC05 /* NMSimpleiOSAppTests.m */,
				3D6184E41F04E7F60076CC05 /* Info.plist */,
			);
			path = NMSimpleiOSAppTests;
			sourceTree = "<group>";
		};
		3D6184EC1F04E7F60076CC05 /* NMSimpleiOSAppUITests */ = {
			isa = PBXGroup;
			children = (
				3D6184ED1F04E7F60076CC05 /* NMSimpleiOSAppUITests.m */,
				3D6184EF1F04E7F60076CC05 /* Info.plist */,
			);
			path = NMSimpleiOSAppUITests;
			sourceTree = "<group>";
		};
		3D6184FE1F04EA740076CC05 /* Tools */ = {
			isa = PBXGroup;
			children = (
				3D6184FF1F04EA740076CC05 /* YYFPSLabel.h */,
				3D6185001F04EA740076CC05 /* YYFPSLabel.m */,
			);
			path = Tools;
			sourceTree = "<group>";
		};
		3D61853B1F04EDB10076CC05 /* ViewController */ = {
			isa = PBXGroup;
			children = (
				3D61853C1F04EDB10076CC05 /* Index */,
				3D6185401F04EDB10076CC05 /* Mine */,
				3D6185441F04EDB10076CC05 /* Other */,
			);
			path = ViewController;
			sourceTree = "<group>";
		};
		3D61853C1F04EDB10076CC05 /* Index */ = {
			isa = PBXGroup;
			children = (
				3D61853D1F04EDB10076CC05 /* Layout */,
				3D61853E1F04EDB10076CC05 /* View */,
				3D61853F1F04EDB10076CC05 /* ViewModel */,
			);
			path = Index;
			sourceTree = "<group>";
		};
		3D61853D1F04EDB10076CC05 /* Layout */ = {
			isa = PBXGroup;
			children = (
			);
			path = Layout;
			sourceTree = "<group>";
		};
		3D61853E1F04EDB10076CC05 /* View */ = {
			isa = PBXGroup;
			children = (
				3D6185481F04EDC50076CC05 /* IndexViewController.h */,
				3D6185491F04EDC50076CC05 /* IndexViewController.m */,
				3D61854A1F04EDC50076CC05 /* IndexViewController.xib */,
			);
			path = View;
			sourceTree = "<group>";
		};
		3D61853F1F04EDB10076CC05 /* ViewModel */ = {
			isa = PBXGroup;
			children = (
			);
			path = ViewModel;
			sourceTree = "<group>";
		};
		3D6185401F04EDB10076CC05 /* Mine */ = {
			isa = PBXGroup;
			children = (
				3D6185411F04EDB10076CC05 /* Layout */,
				3D6185421F04EDB10076CC05 /* View */,
				3D6185431F04EDB10076CC05 /* ViewModel */,
			);
			path = Mine;
			sourceTree = "<group>";
		};
		3D6185411F04EDB10076CC05 /* Layout */ = {
			isa = PBXGroup;
			children = (
			);
			path = Layout;
			sourceTree = "<group>";
		};
		3D6185421F04EDB10076CC05 /* View */ = {
			isa = PBXGroup;
			children = (
				3D61854D1F04EDD20076CC05 /* MineViewController.h */,
				3D61854E1F04EDD20076CC05 /* MineViewController.m */,
				3D61854F1F04EDD20076CC05 /* MineViewController.xib */,
			);
			path = View;
			sourceTree = "<group>";
		};
		3D6185431F04EDB10076CC05 /* ViewModel */ = {
			isa = PBXGroup;
			children = (
			);
			path = ViewModel;
			sourceTree = "<group>";
		};
		3D6185441F04EDB10076CC05 /* Other */ = {
			isa = PBXGroup;
			children = (
				3D6185451F04EDB10076CC05 /* Layout */,
				3D6185461F04EDB10076CC05 /* View */,
				3D6185471F04EDB10076CC05 /* ViewModel */,
			);
			path = Other;
			sourceTree = "<group>";
		};
		3D6185451F04EDB10076CC05 /* Layout */ = {
			isa = PBXGroup;
			children = (
			);
			path = Layout;
			sourceTree = "<group>";
		};
		3D6185461F04EDB10076CC05 /* View */ = {
			isa = PBXGroup;
			children = (
				3D6185521F04EDE00076CC05 /* OtherViewController.h */,
				3D6185531F04EDE00076CC05 /* OtherViewController.m */,
				3D6185541F04EDE00076CC05 /* OtherViewController.xib */,
			);
			path = View;
			sourceTree = "<group>";
		};
		3D6185471F04EDB10076CC05 /* ViewModel */ = {
			isa = PBXGroup;
			children = (
			);
			path = ViewModel;
			sourceTree = "<group>";
		};
/* End PBXGroup section */

/* Begin PBXNativeTarget section */
		3D6184C41F04E7F60076CC05 /* NMSimpleiOSApp */ = {
			isa = PBXNativeTarget;
			buildConfigurationList = 3D6184F21F04E7F60076CC05 /* Build configuration list for PBXNativeTarget "NMSimpleiOSApp" */;
			buildPhases = (
				F3CEF823CD2716C180E555FC /* [CP] Check Pods Manifest.lock */,
				3D6184C11F04E7F60076CC05 /* Sources */,
				3D6184C21F04E7F60076CC05 /* Frameworks */,
				3D6184C31F04E7F60076CC05 /* Resources */,
				2AF524C4FBA1529D7AC3DCBA /* [CP] Embed Pods Frameworks */,
				54F56306A2152A598C34DA7E /* [CP] Copy Pods Resources */,
			);
			buildRules = (
			);
			dependencies = (
			);
			name = NMSimpleiOSApp;
			productName = NMSimpleiOSApp;
			productReference = 3D6184C51F04E7F60076CC05 /* NMSimpleiOSApp.app */;
			productType = "com.apple.product-type.application";
		};
		3D6184DD1F04E7F60076CC05 /* NMSimpleiOSAppTests */ = {
			isa = PBXNativeTarget;
			buildConfigurationList = 3D6184F51F04E7F60076CC05 /* Build configuration list for PBXNativeTarget "NMSimpleiOSAppTests" */;
			buildPhases = (
				3D6184DA1F04E7F60076CC05 /* Sources */,
				3D6184DB1F04E7F60076CC05 /* Frameworks */,
				3D6184DC1F04E7F60076CC05 /* Resources */,
			);
			buildRules = (
			);
			dependencies = (
				3D6184E01F04E7F60076CC05 /* PBXTargetDependency */,
			);
			name = NMSimpleiOSAppTests;
			productName = NMSimpleiOSAppTests;
			productReference = 3D6184DE1F04E7F60076CC05 /* NMSimpleiOSAppTests.xctest */;
			productType = "com.apple.product-type.bundle.unit-test";
		};
		3D6184E81F04E7F60076CC05 /* NMSimpleiOSAppUITests */ = {
			isa = PBXNativeTarget;
			buildConfigurationList = 3D6184F81F04E7F60076CC05 /* Build configuration list for PBXNativeTarget "NMSimpleiOSAppUITests" */;
			buildPhases = (
				3D6184E51F04E7F60076CC05 /* Sources */,
				3D6184E61F04E7F60076CC05 /* Frameworks */,
				3D6184E71F04E7F60076CC05 /* Resources */,
			);
			buildRules = (
			);
			dependencies = (
				3D6184EB1F04E7F60076CC05 /* PBXTargetDependency */,
			);
			name = NMSimpleiOSAppUITests;
			productName = NMSimpleiOSAppUITests;
			productReference = 3D6184E91F04E7F60076CC05 /* NMSimpleiOSAppUITests.xctest */;
			productType = "com.apple.product-type.bundle.ui-testing";
		};
/* End PBXNativeTarget section */

/* Begin PBXProject section */
		3D6184BD1F04E7F60076CC05 /* Project object */ = {
			isa = PBXProject;
			attributes = {
				LastUpgradeCheck = 0830;
				ORGANIZATIONNAME = namunaka;
				TargetAttributes = {
					3D6184C41F04E7F60076CC05 = {
						CreatedOnToolsVersion = 8.3.2;
						DevelopmentTeam = 7524R5UJ2G;
						ProvisioningStyle = Automatic;
					};
					3D6184DD1F04E7F60076CC05 = {
						CreatedOnToolsVersion = 8.3.2;
						DevelopmentTeam = 7524R5UJ2G;
						ProvisioningStyle = Automatic;
						TestTargetID = 3D6184C41F04E7F60076CC05;
					};
					3D6184E81F04E7F60076CC05 = {
						CreatedOnToolsVersion = 8.3.2;
						DevelopmentTeam = 7524R5UJ2G;
						ProvisioningStyle = Automatic;
						TestTargetID = 3D6184C41F04E7F60076CC05;
					};
				};
			};
			buildConfigurationList = 3D6184C01F04E7F60076CC05 /* Build configuration list for PBXProject "NMSimpleiOSApp" */;
			compatibilityVersion = "Xcode 3.2";
			developmentRegion = English;
			hasScannedForEncodings = 0;
			knownRegions = (
				en,
				Base,
			);
			mainGroup = 3D6184BC1F04E7F60076CC05;
			productRefGroup = 3D6184C61F04E7F60076CC05 /* Products */;
			projectDirPath = "";
			projectRoot = "";
			targets = (
				3D6184C41F04E7F60076CC05 /* NMSimpleiOSApp */,
				3D6184DD1F04E7F60076CC05 /* NMSimpleiOSAppTests */,
				3D6184E81F04E7F60076CC05 /* NMSimpleiOSAppUITests */,
			);
		};
/* End PBXProject section */

/* Begin PBXResourcesBuildPhase section */
		3D6184C31F04E7F60076CC05 /* Resources */ = {
			isa = PBXResourcesBuildPhase;
			buildActionMask = 2147483647;
			files = (
				3D6185511F04EDD20076CC05 /* MineViewController.xib in Resources */,
				3D6185561F04EDE00076CC05 /* OtherViewController.xib in Resources */,
				3D6184D81F04E7F60076CC05 /* LaunchScreen.storyboard in Resources */,
				3D6184D51F04E7F60076CC05 /* Assets.xcassets in Resources */,
				3D6184D31F04E7F60076CC05 /* Main.storyboard in Resources */,
				3D61854C1F04EDC50076CC05 /* IndexViewController.xib in Resources */,
			);
			runOnlyForDeploymentPostprocessing = 0;
		};
		3D6184DC1F04E7F60076CC05 /* Resources */ = {
			isa = PBXResourcesBuildPhase;
			buildActionMask = 2147483647;
			files = (
			);
			runOnlyForDeploymentPostprocessing = 0;
		};
		3D6184E71F04E7F60076CC05 /* Resources */ = {
			isa = PBXResourcesBuildPhase;
			buildActionMask = 2147483647;
			files = (
			);
			runOnlyForDeploymentPostprocessing = 0;
		};
/* End PBXResourcesBuildPhase section */

/* Begin PBXShellScriptBuildPhase section */
		2AF524C4FBA1529D7AC3DCBA /* [CP] Embed Pods Frameworks */ = {
			isa = PBXShellScriptBuildPhase;
			buildActionMask = 2147483647;
			files = (
			);
			inputPaths = (
			);
			name = "[CP] Embed Pods Frameworks";
			outputPaths = (
			);
			runOnlyForDeploymentPostprocessing = 0;
			shellPath = /bin/sh;
			shellScript = "\"${SRCROOT}/Pods/Target Support Files/Pods-NMSimpleiOSApp/Pods-NMSimpleiOSApp-frameworks.sh\"\n";
			showEnvVarsInLog = 0;
		};
		54F56306A2152A598C34DA7E /* [CP] Copy Pods Resources */ = {
			isa = PBXShellScriptBuildPhase;
			buildActionMask = 2147483647;
			files = (
			);
			inputPaths = (
			);
			name = "[CP] Copy Pods Resources";
			outputPaths = (
			);
			runOnlyForDeploymentPostprocessing = 0;
			shellPath = /bin/sh;
			shellScript = "\"${SRCROOT}/Pods/Target Support Files/Pods-NMSimpleiOSApp/Pods-NMSimpleiOSApp-resources.sh\"\n";
			showEnvVarsInLog = 0;
		};
		F3CEF823CD2716C180E555FC /* [CP] Check Pods Manifest.lock */ = {
			isa = PBXShellScriptBuildPhase;
			buildActionMask = 2147483647;
			files = (
			);
			inputPaths = (
			);
			name = "[CP] Check Pods Manifest.lock";
			outputPaths = (
			);
			runOnlyForDeploymentPostprocessing = 0;
			shellPath = /bin/sh;
			shellScript = "diff \"${PODS_ROOT}/../Podfile.lock\" \"${PODS_ROOT}/Manifest.lock\" > /dev/null\nif [ $? != 0 ] ; then\n    # print error to STDERR\n    echo \"error: The sandbox is not in sync with the Podfile.lock. Run 'pod install' or update your CocoaPods installation.\" >&2\n    exit 1\nfi\n";
			showEnvVarsInLog = 0;
		};
/* End PBXShellScriptBuildPhase section */

/* Begin PBXSourcesBuildPhase section */
		3D6184C11F04E7F60076CC05 /* Sources */ = {
			isa = PBXSourcesBuildPhase;
			buildActionMask = 2147483647;
			files = (
				3D6185011F04EA740076CC05 /* YYFPSLabel.m in Sources */,
				3D6184CD1F04E7F60076CC05 /* AppDelegate.m in Sources */,
				3D6184CA1F04E7F60076CC05 /* main.m in Sources */,
				3D6185501F04EDD20076CC05 /* MineViewController.m in Sources */,
				3D6184FD1F04E9D30076CC05 /* APPConfigController.m in Sources */,
				3D6185551F04EDE00076CC05 /* OtherViewController.m in Sources */,
				3D61854B1F04EDC50076CC05 /* IndexViewController.m in Sources */,
			);
			runOnlyForDeploymentPostprocessing = 0;
		};
		3D6184DA1F04E7F60076CC05 /* Sources */ = {
			isa = PBXSourcesBuildPhase;
			buildActionMask = 2147483647;
			files = (
				3D6184E31F04E7F60076CC05 /* NMSimpleiOSAppTests.m in Sources */,
			);
			runOnlyForDeploymentPostprocessing = 0;
		};
		3D6184E51F04E7F60076CC05 /* Sources */ = {
			isa = PBXSourcesBuildPhase;
			buildActionMask = 2147483647;
			files = (
				3D6184EE1F04E7F60076CC05 /* NMSimpleiOSAppUITests.m in Sources */,
			);
			runOnlyForDeploymentPostprocessing = 0;
		};
/* End PBXSourcesBuildPhase section */

/* Begin PBXTargetDependency section */
		3D6184E01F04E7F60076CC05 /* PBXTargetDependency */ = {
			isa = PBXTargetDependency;
			target = 3D6184C41F04E7F60076CC05 /* NMSimpleiOSApp */;
			targetProxy = 3D6184DF1F04E7F60076CC05 /* PBXContainerItemProxy */;
		};
		3D6184EB1F04E7F60076CC05 /* PBXTargetDependency */ = {
			isa = PBXTargetDependency;
			target = 3D6184C41F04E7F60076CC05 /* NMSimpleiOSApp */;
			targetProxy = 3D6184EA1F04E7F60076CC05 /* PBXContainerItemProxy */;
		};
/* End PBXTargetDependency section */

/* Begin PBXVariantGroup section */
		3D6184D11F04E7F60076CC05 /* Main.storyboard */ = {
			isa = PBXVariantGroup;
			children = (
				3D6184D21F04E7F60076CC05 /* Base */,
			);
			name = Main.storyboard;
			sourceTree = "<group>";
		};
		3D6184D61F04E7F60076CC05 /* LaunchScreen.storyboard */ = {
			isa = PBXVariantGroup;
			children = (
				3D6184D71F04E7F60076CC05 /* Base */,
			);
			name = LaunchScreen.storyboard;
			sourceTree = "<group>";
		};
/* End PBXVariantGroup section */

/* Begin XCBuildConfiguration section */
		3D6184F01F04E7F60076CC05 /* Debug */ = {
			isa = XCBuildConfiguration;
			buildSettings = {
				ALWAYS_SEARCH_USER_PATHS = NO;
				CLANG_ANALYZER_NONNULL = YES;
				CLANG_ANALYZER_NUMBER_OBJECT_CONVERSION = YES_AGGRESSIVE;
				CLANG_CXX_LANGUAGE_STANDARD = "gnu++0x";
				CLANG_CXX_LIBRARY = "libc++";
				CLANG_ENABLE_MODULES = YES;
				CLANG_ENABLE_OBJC_ARC = YES;
				CLANG_WARN_BOOL_CONVERSION = YES;
				CLANG_WARN_CONSTANT_CONVERSION = YES;
				CLANG_WARN_DIRECT_OBJC_ISA_USAGE = YES_ERROR;
				CLANG_WARN_DOCUMENTATION_COMMENTS = YES;
				CLANG_WARN_EMPTY_BODY = YES;
				CLANG_WARN_ENUM_CONVERSION = YES;
				CLANG_WARN_INFINITE_RECURSION = YES;
				CLANG_WARN_INT_CONVERSION = YES;
				CLANG_WARN_OBJC_ROOT_CLASS = YES_ERROR;
				CLANG_WARN_SUSPICIOUS_MOVE = YES;
				CLANG_WARN_UNREACHABLE_CODE = YES;
				CLANG_WARN__DUPLICATE_METHOD_MATCH = YES;
				"CODE_SIGN_IDENTITY[sdk=iphoneos*]" = "iPhone Developer";
				COPY_PHASE_STRIP = NO;
				DEBUG_INFORMATION_FORMAT = dwarf;
				ENABLE_STRICT_OBJC_MSGSEND = YES;
				ENABLE_TESTABILITY = YES;
				GCC_C_LANGUAGE_STANDARD = gnu99;
				GCC_DYNAMIC_NO_PIC = NO;
				GCC_NO_COMMON_BLOCKS = YES;
				GCC_OPTIMIZATION_LEVEL = 0;
				GCC_PREPROCESSOR_DEFINITIONS = (
					"DEBUG=1",
					"$(inherited)",
				);
				GCC_WARN_64_TO_32_BIT_CONVERSION = YES;
				GCC_WARN_ABOUT_RETURN_TYPE = YES_ERROR;
				GCC_WARN_UNDECLARED_SELECTOR = YES;
				GCC_WARN_UNINITIALIZED_AUTOS = YES_AGGRESSIVE;
				GCC_WARN_UNUSED_FUNCTION = YES;
				GCC_WARN_UNUSED_VARIABLE = YES;
				IPHONEOS_DEPLOYMENT_TARGET = 10.3;
				MTL_ENABLE_DEBUG_INFO = YES;
				ONLY_ACTIVE_ARCH = YES;
				SDKROOT = iphoneos;
			};
			name = Debug;
		};
		3D6184F11F04E7F60076CC05 /* Release */ = {
			isa = XCBuildConfiguration;
			buildSettings = {
				ALWAYS_SEARCH_USER_PATHS = NO;
				CLANG_ANALYZER_NONNULL = YES;
				CLANG_ANALYZER_NUMBER_OBJECT_CONVERSION = YES_AGGRESSIVE;
				CLANG_CXX_LANGUAGE_STANDARD = "gnu++0x";
				CLANG_CXX_LIBRARY = "libc++";
				CLANG_ENABLE_MODULES = YES;
				CLANG_ENABLE_OBJC_ARC = YES;
				CLANG_WARN_BOOL_CONVERSION = YES;
				CLANG_WARN_CONSTANT_CONVERSION = YES;
				CLANG_WARN_DIRECT_OBJC_ISA_USAGE = YES_ERROR;
				CLANG_WARN_DOCUMENTATION_COMMENTS = YES;
				CLANG_WARN_EMPTY_BODY = YES;
				CLANG_WARN_ENUM_CONVERSION = YES;
				CLANG_WARN_INFINITE_RECURSION = YES;
				CLANG_WARN_INT_CONVERSION = YES;
				CLANG_WARN_OBJC_ROOT_CLASS = YES_ERROR;
				CLANG_WARN_SUSPICIOUS_MOVE = YES;
				CLANG_WARN_UNREACHABLE_CODE = YES;
				CLANG_WARN__DUPLICATE_METHOD_MATCH = YES;
				"CODE_SIGN_IDENTITY[sdk=iphoneos*]" = "iPhone Developer";
				COPY_PHASE_STRIP = NO;
				DEBUG_INFORMATION_FORMAT = "dwarf-with-dsym";
				ENABLE_NS_ASSERTIONS = NO;
				ENABLE_STRICT_OBJC_MSGSEND = YES;
				GCC_C_LANGUAGE_STANDARD = gnu99;
				GCC_NO_COMMON_BLOCKS = YES;
				GCC_WARN_64_TO_32_BIT_CONVERSION = YES;
				GCC_WARN_ABOUT_RETURN_TYPE = YES_ERROR;
				GCC_WARN_UNDECLARED_SELECTOR = YES;
				GCC_WARN_UNINITIALIZED_AUTOS = YES_AGGRESSIVE;
				GCC_WARN_UNUSED_FUNCTION = YES;
				GCC_WARN_UNUSED_VARIABLE = YES;
				IPHONEOS_DEPLOYMENT_TARGET = 10.3;
				MTL_ENABLE_DEBUG_INFO = NO;
				SDKROOT = iphoneos;
				VALIDATE_PRODUCT = YES;
			};
			name = Release;
		};
		3D6184F31F04E7F60076CC05 /* Debug */ = {
			isa = XCBuildConfiguration;
			baseConfigurationReference = 230355E2957F6BF7746871CD /* Pods-NMSimpleiOSApp.debug.xcconfig */;
			buildSettings = {
				ASSETCATALOG_COMPILER_APPICON_NAME = AppIcon;
				DEVELOPMENT_TEAM = 7524R5UJ2G;
				GCC_PREFIX_HEADER = "NMSimpleiOSApp/SimpleiOSApp-Prefix.pch";
				INFOPLIST_FILE = NMSimpleiOSApp/Info.plist;
				LD_RUNPATH_SEARCH_PATHS = "$(inherited) @executable_path/Frameworks";
				PRODUCT_BUNDLE_IDENTIFIER = com.nm.NMSimpleiOSApp;
				PRODUCT_NAME = "$(TARGET_NAME)";
			};
			name = Debug;
		};
		3D6184F41F04E7F60076CC05 /* Release */ = {
			isa = XCBuildConfiguration;
			baseConfigurationReference = A3CD9564910ABEBDB6CE3C88 /* Pods-NMSimpleiOSApp.release.xcconfig */;
			buildSettings = {
				ASSETCATALOG_COMPILER_APPICON_NAME = AppIcon;
				DEVELOPMENT_TEAM = 7524R5UJ2G;
				GCC_PREFIX_HEADER = "NMSimpleiOSApp/SimpleiOSApp-Prefix.pch";
				INFOPLIST_FILE = NMSimpleiOSApp/Info.plist;
				LD_RUNPATH_SEARCH_PATHS = "$(inherited) @executable_path/Frameworks";
				PRODUCT_BUNDLE_IDENTIFIER = com.nm.NMSimpleiOSApp;
				PRODUCT_NAME = "$(TARGET_NAME)";
			};
			name = Release;
		};
		3D6184F61F04E7F60076CC05 /* Debug */ = {
			isa = XCBuildConfiguration;
			buildSettings = {
				BUNDLE_LOADER = "$(TEST_HOST)";
				DEVELOPMENT_TEAM = 7524R5UJ2G;
				INFOPLIST_FILE = NMSimpleiOSAppTests/Info.plist;
				LD_RUNPATH_SEARCH_PATHS = "$(inherited) @executable_path/Frameworks @loader_path/Frameworks";
				PRODUCT_BUNDLE_IDENTIFIER = com.nm.NMSimpleiOSAppTests;
				PRODUCT_NAME = "$(TARGET_NAME)";
				TEST_HOST = "$(BUILT_PRODUCTS_DIR)/NMSimpleiOSApp.app/NMSimpleiOSApp";
			};
			name = Debug;
		};
		3D6184F71F04E7F60076CC05 /* Release */ = {
			isa = XCBuildConfiguration;
			buildSettings = {
				BUNDLE_LOADER = "$(TEST_HOST)";
				DEVELOPMENT_TEAM = 7524R5UJ2G;
				INFOPLIST_FILE = NMSimpleiOSAppTests/Info.plist;
				LD_RUNPATH_SEARCH_PATHS = "$(inherited) @executable_path/Frameworks @loader_path/Frameworks";
				PRODUCT_BUNDLE_IDENTIFIER = com.nm.NMSimpleiOSAppTests;
				PRODUCT_NAME = "$(TARGET_NAME)";
				TEST_HOST = "$(BUILT_PRODUCTS_DIR)/NMSimpleiOSApp.app/NMSimpleiOSApp";
			};
			name = Release;
		};
		3D6184F91F04E7F60076CC05 /* Debug */ = {
			isa = XCBuildConfiguration;
			buildSettings = {
				DEVELOPMENT_TEAM = 7524R5UJ2G;
				INFOPLIST_FILE = NMSimpleiOSAppUITests/Info.plist;
				LD_RUNPATH_SEARCH_PATHS = "$(inherited) @executable_path/Frameworks @loader_path/Frameworks";
				PRODUCT_BUNDLE_IDENTIFIER = com.nm.NMSimpleiOSAppUITests;
				PRODUCT_NAME = "$(TARGET_NAME)";
				TEST_TARGET_NAME = NMSimpleiOSApp;
			};
			name = Debug;
		};
		3D6184FA1F04E7F60076CC05 /* Release */ = {
			isa = XCBuildConfiguration;
			buildSettings = {
				DEVELOPMENT_TEAM = 7524R5UJ2G;
				INFOPLIST_FILE = NMSimpleiOSAppUITests/Info.plist;
				LD_RUNPATH_SEARCH_PATHS = "$(inherited) @executable_path/Frameworks @loader_path/Frameworks";
				PRODUCT_BUNDLE_IDENTIFIER = com.nm.NMSimpleiOSAppUITests;
				PRODUCT_NAME = "$(TARGET_NAME)";
				TEST_TARGET_NAME = NMSimpleiOSApp;
			};
			name = Release;
		};
/* End XCBuildConfiguration section */

/* Begin XCConfigurationList section */
		3D6184C01F04E7F60076CC05 /* Build configuration list for PBXProject "NMSimpleiOSApp" */ = {
			isa = XCConfigurationList;
			buildConfigurations = (
				3D6184F01F04E7F60076CC05 /* Debug */,
				3D6184F11F04E7F60076CC05 /* Release */,
			);
			defaultConfigurationIsVisible = 0;
			defaultConfigurationName = Release;
		};
		3D6184F21F04E7F60076CC05 /* Build configuration list for PBXNativeTarget "NMSimpleiOSApp" */ = {
			isa = XCConfigurationList;
			buildConfigurations = (
				3D6184F31F04E7F60076CC05 /* Debug */,
				3D6184F41F04E7F60076CC05 /* Release */,
			);
			defaultConfigurationIsVisible = 0;
			defaultConfigurationName = Release;
		};
		3D6184F51F04E7F60076CC05 /* Build configuration list for PBXNativeTarget "NMSimpleiOSAppTests" */ = {
			isa = XCConfigurationList;
			buildConfigurations = (
				3D6184F61F04E7F60076CC05 /* Debug */,
				3D6184F71F04E7F60076CC05 /* Release */,
			);
			defaultConfigurationIsVisible = 0;
			defaultConfigurationName = Release;
		};
		3D6184F81F04E7F60076CC05 /* Build configuration list for PBXNativeTarget "NMSimpleiOSAppUITests" */ = {
			isa = XCConfigurationList;
			buildConfigurations = (
				3D6184F91F04E7F60076CC05 /* Debug */,
				3D6184FA1F04E7F60076CC05 /* Release */,
			);
			defaultConfigurationIsVisible = 0;
			defaultConfigurationName = Release;
		};
/* End XCConfigurationList section */
	};
	rootObject = 3D6184BD1F04E7F60076CC05 /* Project object */;
}
